{
  "name": "no.almli.heatingcontroller",
  "version": "1.0.0",
  "lockfileVersion": 2,
  "requires": true,
  "packages": {
    "": {
      "name": "no.almli.heatingcontroller",
      "version": "1.0.0",
      "license": "ISC",
      "dependencies": {
        "date-holidays": "^3.10.0"
      }
    },
    "node_modules/argparse": {
      "version": "2.0.1",
      "resolved": "https://registry.npmjs.org/argparse/-/argparse-2.0.1.tgz",
      "integrity": "sha512-8+9WqebbFzpX9OR+Wa6O29asIogeRMzcGtAINdpMHHyAg10f05aSFVBbcEqGf/PXw1EjAZ+q2/bEBg3DvurK3Q=="
    },
    "node_modules/astronomia": {
      "version": "4.0.1",
      "resolved": "https://registry.npmjs.org/astronomia/-/astronomia-4.0.1.tgz",
      "integrity": "sha512-NT0M9uIII3sOZnZgtqVad5crKFdzLXQTcT+qK80zBkhFOlObhs/OEAnK0WzZuNAraWLDw62RrLhapTHBs6bcsA==",
      "engines": {
        "node": ">=12.0.0"
      }
    },
    "node_modules/caldate": {
      "version": "2.0.1",
      "resolved": "https://registry.npmjs.org/caldate/-/caldate-2.0.1.tgz",
      "integrity": "sha512-edJtriYPt9mYarpEHOZ7QUZWXuY55S8ZdwUVBiLOqeAUYnCI7aTM3Cw+YX60MuJWhDmSRcpfJkiRpz3quMKoGQ==",
      "dependencies": {
        "moment-timezone": "^0.5.33"
      },
      "engines": {
        "node": ">=12.0.0"
      }
    },
    "node_modules/date-bengali-revised": {
      "version": "2.0.1",
      "resolved": "https://registry.npmjs.org/date-bengali-revised/-/date-bengali-revised-2.0.1.tgz",
      "integrity": "sha512-7D9FceOSpRy1MpLzxs0rMlTaUju9LNnIz6A2Hag3/+nB7RKdVKzuQrO7mchbCqFErLoTM+L5Ja/M03psWqGqGA==",
      "engines": {
        "node": ">=12.0.0"
      }
    },
    "node_modules/date-chinese": {
      "version": "2.1.3",
      "resolved": "https://registry.npmjs.org/date-chinese/-/date-chinese-2.1.3.tgz",
      "integrity": "sha512-g1YSDAY01sBLu5NfjpnhXGZu9xoC1xtEKHlCHQNYUIivz85Iea7WBzGPKUIBPfyejZ6x2YA64HSbTYjmzq2Yew==",
      "dependencies": {
        "astronomia": "^4.0.1"
      },
      "engines": {
        "node": ">=12.0.0"
      }
    },
    "node_modules/date-easter": {
      "version": "1.0.1",
      "resolved": "https://registry.npmjs.org/date-easter/-/date-easter-1.0.1.tgz",
      "integrity": "sha512-5uAPmiO5tlztgaJrAy8eQCbsVrvYap12JGQEULi7HtLFRML65Jrop74ylHsA6OrqzcEyd6b9WQRIG/kvNzqC8g==",
      "engines": {
        "node": ">=12.0.0"
      }
    },
    "node_modules/date-holidays": {
      "version": "3.10.0",
      "resolved": "https://registry.npmjs.org/date-holidays/-/date-holidays-3.10.0.tgz",
      "integrity": "sha512-e08RjHzrBMNnZ2ClGUsa03RW1QcqWhaZUZQXL82czfwy/6HgKbrZe+UnwxCJVSk48CxQ0oALkReY3YL738C2Kw==",
      "dependencies": {
        "date-holidays-parser": "^3.2.2",
        "js-yaml": "^4.1.0",
        "lodash.omit": "^4.5.0",
        "lodash.pick": "^4.4.0",
        "prepin": "^1.0.3"
      },
      "bin": {
        "holidays2json": "scripts/holidays2json.cjs"
      },
      "engines": {
        "node": ">=12.0.0"
      }
    },
    "node_modules/date-holidays-parser": {
      "version": "3.2.2",
      "resolved": "https://registry.npmjs.org/date-holidays-parser/-/date-holidays-parser-3.2.2.tgz",
      "integrity": "sha512-b2wG9vGvNK16WXm7LNbD2UnPS1BGYqDJQVIfgClpMcG31qXtjAibc2zSR1ceiuHDx9XY9jBZO4pKogWUw7MZYg==",
      "dependencies": {
        "astronomia": "^4.0.1",
        "caldate": "^2.0.1",
        "date-bengali-revised": "^2.0.1",
        "date-chinese": "^2.1.3",
        "date-easter": "^1.0.1",
        "deepmerge": "^4.2.2",
        "moment-timezone": "^0.5.33"
      },
      "engines": {
        "node": ">=12.0.0"
      }
    },
    "node_modules/deepmerge": {
      "version": "4.2.2",
      "resolved": "https://registry.npmjs.org/deepmerge/-/deepmerge-4.2.2.tgz",
      "integrity": "sha512-FJ3UgI4gIl+PHZm53knsuSFpE+nESMr7M4v9QcgB7S63Kj/6WqMiFQJpBBYz1Pt+66bZpP3Q7Lye0Oo9MPKEdg==",
      "engines": {
        "node": ">=0.10.0"
      }
    },
    "node_modules/js-yaml": {
      "version": "4.1.0",
      "resolved": "https://registry.npmjs.org/js-yaml/-/js-yaml-4.1.0.tgz",
      "integrity": "sha512-wpxZs9NoxZaJESJGIZTyDEaYpl0FKSA+FB9aJiyemKhMwkxQg63h4T1KJgUGHpTqPDNRcmmYLugrRjJlBtWvRA==",
      "dependencies": {
        "argparse": "^2.0.1"
      },
      "bin": {
        "js-yaml": "bin/js-yaml.js"
      }
    },
    "node_modules/lodash.omit": {
      "version": "4.5.0",
      "resolved": "https://registry.npmjs.org/lodash.omit/-/lodash.omit-4.5.0.tgz",
      "integrity": "sha1-brGa5aHuHdnfC5aeZs4Lf6MLXmA="
    },
    "node_modules/lodash.pick": {
      "version": "4.4.0",
      "resolved": "https://registry.npmjs.org/lodash.pick/-/lodash.pick-4.4.0.tgz",
      "integrity": "sha1-UvBWEP/53tQiYRRB7R/BI6AwAbM="
    },
    "node_modules/moment": {
      "version": "2.29.1",
      "resolved": "https://registry.npmjs.org/moment/-/moment-2.29.1.tgz",
      "integrity": "sha512-kHmoybcPV8Sqy59DwNDY3Jefr64lK/by/da0ViFcuA4DH0vQg5Q6Ze5VimxkfQNSC+Mls/Kx53s7TjP1RhFEDQ==",
      "engines": {
        "node": "*"
      }
    },
    "node_modules/moment-timezone": {
      "version": "0.5.33",
      "resolved": "https://registry.npmjs.org/moment-timezone/-/moment-timezone-0.5.33.tgz",
      "integrity": "sha512-PTc2vcT8K9J5/9rDEPe5czSIKgLoGsH8UNpA4qZTVw0Vd/Uz19geE9abbIOQKaAQFcnQ3v5YEXrbSc5BpshH+w==",
      "dependencies": {
        "moment": ">= 2.9.0"
      },
      "engines": {
        "node": "*"
      }
    },
    "node_modules/prepin": {
      "version": "1.0.3",
      "resolved": "https://registry.npmjs.org/prepin/-/prepin-1.0.3.tgz",
      "integrity": "sha512-0XL2hreherEEvUy0fiaGEfN/ioXFV+JpImqIzQjxk6iBg4jQ2ARKqvC4+BmRD8w/pnpD+lbxvh0Ub+z7yBEjvA==",
      "bin": {
        "prepin": "bin/prepin.js"
      }
    }
  },
  "dependencies": {
    "argparse": {
      "version": "2.0.1",
      "resolved": "https://registry.npmjs.org/argparse/-/argparse-2.0.1.tgz",
      "integrity": "sha512-8+9WqebbFzpX9OR+Wa6O29asIogeRMzcGtAINdpMHHyAg10f05aSFVBbcEqGf/PXw1EjAZ+q2/bEBg3DvurK3Q=="
    },
    "astronomia": {
      "version": "4.0.1",
      "resolved": "https://registry.npmjs.org/astronomia/-/astronomia-4.0.1.tgz",
      "integrity": "sha512-NT0M9uIII3sOZnZgtqVad5crKFdzLXQTcT+qK80zBkhFOlObhs/OEAnK0WzZuNAraWLDw62RrLhapTHBs6bcsA=="
    },
    "caldate": {
      "version": "2.0.1",
      "resolved": "https://registry.npmjs.org/caldate/-/caldate-2.0.1.tgz",
      "integrity": "sha512-edJtriYPt9mYarpEHOZ7QUZWXuY55S8ZdwUVBiLOqeAUYnCI7aTM3Cw+YX60MuJWhDmSRcpfJkiRpz3quMKoGQ==",
      "requires": {
        "moment-timezone": "^0.5.33"
      }
    },
    "date-bengali-revised": {
      "version": "2.0.1",
      "resolved": "https://registry.npmjs.org/date-bengali-revised/-/date-bengali-revised-2.0.1.tgz",
      "integrity": "sha512-7D9FceOSpRy1MpLzxs0rMlTaUju9LNnIz6A2Hag3/+nB7RKdVKzuQrO7mchbCqFErLoTM+L5Ja/M03psWqGqGA=="
    },
    "date-chinese": {
      "version": "2.1.3",
      "resolved": "https://registry.npmjs.org/date-chinese/-/date-chinese-2.1.3.tgz",
      "integrity": "sha512-g1YSDAY01sBLu5NfjpnhXGZu9xoC1xtEKHlCHQNYUIivz85Iea7WBzGPKUIBPfyejZ6x2YA64HSbTYjmzq2Yew==",
      "requires": {
        "astronomia": "^4.0.1"
      }
    },
    "date-easter": {
      "version": "1.0.1",
      "resolved": "https://registry.npmjs.org/date-easter/-/date-easter-1.0.1.tgz",
      "integrity": "sha512-5uAPmiO5tlztgaJrAy8eQCbsVrvYap12JGQEULi7HtLFRML65Jrop74ylHsA6OrqzcEyd6b9WQRIG/kvNzqC8g=="
    },
    "date-holidays": {
      "version": "3.10.0",
      "resolved": "https://registry.npmjs.org/date-holidays/-/date-holidays-3.10.0.tgz",
      "integrity": "sha512-e08RjHzrBMNnZ2ClGUsa03RW1QcqWhaZUZQXL82czfwy/6HgKbrZe+UnwxCJVSk48CxQ0oALkReY3YL738C2Kw==",
      "requires": {
        "date-holidays-parser": "^3.2.2",
        "js-yaml": "^4.1.0",
        "lodash.omit": "^4.5.0",
        "lodash.pick": "^4.4.0",
        "prepin": "^1.0.3"
      }
    },
    "date-holidays-parser": {
      "version": "3.2.2",
      "resolved": "https://registry.npmjs.org/date-holidays-parser/-/date-holidays-parser-3.2.2.tgz",
      "integrity": "sha512-b2wG9vGvNK16WXm7LNbD2UnPS1BGYqDJQVIfgClpMcG31qXtjAibc2zSR1ceiuHDx9XY9jBZO4pKogWUw7MZYg==",
      "requires": {
        "astronomia": "^4.0.1",
        "caldate": "^2.0.1",
        "date-bengali-revised": "^2.0.1",
        "date-chinese": "^2.1.3",
        "date-easter": "^1.0.1",
        "deepmerge": "^4.2.2",
        "moment-timezone": "^0.5.33"
      }
    },
    "deepmerge": {
      "version": "4.2.2",
      "resolved": "https://registry.npmjs.org/deepmerge/-/deepmerge-4.2.2.tgz",
      "integrity": "sha512-FJ3UgI4gIl+PHZm53knsuSFpE+nESMr7M4v9QcgB7S63Kj/6WqMiFQJpBBYz1Pt+66bZpP3Q7Lye0Oo9MPKEdg=="
    },
    "js-yaml": {
      "version": "4.1.0",
      "resolved": "https://registry.npmjs.org/js-yaml/-/js-yaml-4.1.0.tgz",
      "integrity": "sha512-wpxZs9NoxZaJESJGIZTyDEaYpl0FKSA+FB9aJiyemKhMwkxQg63h4T1KJgUGHpTqPDNRcmmYLugrRjJlBtWvRA==",
      "requires": {
        "argparse": "^2.0.1"
      }
    },
    "lodash.omit": {
      "version": "4.5.0",
      "resolved": "https://registry.npmjs.org/lodash.omit/-/lodash.omit-4.5.0.tgz",
      "integrity": "sha1-brGa5aHuHdnfC5aeZs4Lf6MLXmA="
    },
    "lodash.pick": {
      "version": "4.4.0",
      "resolved": "https://registry.npmjs.org/lodash.pick/-/lodash.pick-4.4.0.tgz",
      "integrity": "sha1-UvBWEP/53tQiYRRB7R/BI6AwAbM="
    },
    "moment": {
      "version": "2.29.1",
      "resolved": "https://registry.npmjs.org/moment/-/moment-2.29.1.tgz",
      "integrity": "sha512-kHmoybcPV8Sqy59DwNDY3Jefr64lK/by/da0ViFcuA4DH0vQg5Q6Ze5VimxkfQNSC+Mls/Kx53s7TjP1RhFEDQ=="
    },
    "moment-timezone": {
      "version": "0.5.33",
      "resolved": "https://registry.npmjs.org/moment-timezone/-/moment-timezone-0.5.33.tgz",
      "integrity": "sha512-PTc2vcT8K9J5/9rDEPe5czSIKgLoGsH8UNpA4qZTVw0Vd/Uz19geE9abbIOQKaAQFcnQ3v5YEXrbSc5BpshH+w==",
      "requires": {
        "moment": ">= 2.9.0"
      }
    },
    "prepin": {
      "version": "1.0.3",
      "resolved": "https://registry.npmjs.org/prepin/-/prepin-1.0.3.tgz",
      "integrity": "sha512-0XL2hreherEEvUy0fiaGEfN/ioXFV+JpImqIzQjxk6iBg4jQ2ARKqvC4+BmRD8w/pnpD+lbxvh0Ub+z7yBEjvA=="
    }
  }
}
