{
  "name": "no.almli.heatingcontroller",
  "version": "1.0.0",
  "lockfileVersion": 1,
  "requires": true,
  "dependencies": {
    "argparse": {
      "version": "1.0.10",
      "resolved": "https://registry.npmjs.org/argparse/-/argparse-1.0.10.tgz",
      "integrity": "sha512-o5Roy6tNG4SL/FOkCAN6RzjiakZS25RLYFrcMttJqbdd8BWrnA+fGz57iN5Pb06pvBGvl5gQ0B48dJlslXvoTg==",
      "requires": {
        "sprintf-js": "~1.0.2"
      }
    },
    "astronomia": {
      "version": "2.0.3",
      "resolved": "https://registry.npmjs.org/astronomia/-/astronomia-2.0.3.tgz",
      "integrity": "sha512-/wysi5lp7RqliNhKhre3gv05vtSV/0fSXzO2IGHyFwXShbPVA5/8QkcLKgeMhTiw1lD7drWGtAH8PtshnCuT9w=="
    },
    "caldate": {
      "version": "1.0.3",
      "resolved": "https://registry.npmjs.org/caldate/-/caldate-1.0.3.tgz",
      "integrity": "sha512-lWXPskb5LCzdphNQ9ne0l5BrjbbjN4H5o9xM37wHn5VBc3LDVl5eLeNEXnRjs0wIAbkSsr9T5E368iw8ON+8pw==",
      "requires": {
        "moment-timezone": "^0.5.23"
      }
    },
    "date-bengali-revised": {
      "version": "1.0.1",
      "resolved": "https://registry.npmjs.org/date-bengali-revised/-/date-bengali-revised-1.0.1.tgz",
      "integrity": "sha512-ezme8Fq+z70DThLbNw+DJGyl2KHcrO+cJ7MA0rmhHrR0DFN+If300QkqSIYvDBd1LiCyHCMMi5WdHCqaW3b/uw=="
    },
    "date-chinese": {
      "version": "1.0.6",
      "resolved": "https://registry.npmjs.org/date-chinese/-/date-chinese-1.0.6.tgz",
      "integrity": "sha512-6eAT+aMA3aFwW04OWkY2N5lTRMyOR2Egb4zRCHXV6u1ka2pcLxS4KZi8RXwe5jt36yG8HOWqRn4SeLBqG1wrdw==",
      "requires": {
        "astronomia": "^2.0.1"
      }
    },
    "date-easter": {
      "version": "0.2.4",
      "resolved": "https://registry.npmjs.org/date-easter/-/date-easter-0.2.4.tgz",
      "integrity": "sha512-y/n/1kNLr/bKqQf0kYNdeIBP7FTKqOn1QCnP0TGRHEyEgvFhjUY5JnnL4F7THszESVRyNhbOW74Xd+eezrvRMQ=="
    },
    "date-holidays": {
      "version": "1.4.0",
      "resolved": "https://registry.npmjs.org/date-holidays/-/date-holidays-1.4.0.tgz",
      "integrity": "sha512-n0Q2V1MABYDVjg6JWxfBd+SXRUHhIkdpt/AGDV/cG5LxCbd1NELVS4OxUz+Er3anHessWHXF06Avj5OgXHQePA==",
      "requires": {
        "date-holidays-parser": "^1.4.0",
        "js-yaml": "^3.13.1",
        "lodash.omit": "^4.5.0",
        "lodash.pick": "^4.4.0",
        "prepin": "^1.0.1"
      }
    },
    "date-holidays-parser": {
      "version": "1.4.0",
      "resolved": "https://registry.npmjs.org/date-holidays-parser/-/date-holidays-parser-1.4.0.tgz",
      "integrity": "sha512-vBZCG9onSeTknkWeY/rNt+GYx9MHmei9BxNXTu+yNEvNzumx8lZO6niROOAVvuOCM/M1LxjZI3KXShpXZuoJGQ==",
      "requires": {
        "astronomia": "^2.0.1",
        "caldate": "^1.0.3",
        "date-bengali-revised": "^1.0.1",
        "date-chinese": "^1.0.6",
        "date-easter": "^0.2.4",
        "lodash.get": "^4.4.2",
        "lodash.merge": "^4.6.1",
        "lodash.omit": "^4.5.0",
        "lodash.set": "^4.3.2",
        "moment-timezone": "^0.5.23"
      }
    },
    "esprima": {
      "version": "4.0.1",
      "resolved": "https://registry.npmjs.org/esprima/-/esprima-4.0.1.tgz",
      "integrity": "sha512-eGuFFw7Upda+g4p+QHvnW0RyTX/SVeJBDM/gCtMARO0cLuT2HcEKnTPvhjV6aGeqrCB/sbNop0Kszm0jsaWU4A=="
    },
    "js-yaml": {
      "version": "3.13.1",
      "resolved": "https://registry.npmjs.org/js-yaml/-/js-yaml-3.13.1.tgz",
      "integrity": "sha512-YfbcO7jXDdyj0DGxYVSlSeQNHbD7XPWvrVWeVUujrQEoZzWJIRrCPoyk6kL6IAjAG2IolMK4T0hNUe0HOUs5Jw==",
      "requires": {
        "argparse": "^1.0.7",
        "esprima": "^4.0.0"
      }
    },
    "lodash.get": {
      "version": "4.4.2",
      "resolved": "https://registry.npmjs.org/lodash.get/-/lodash.get-4.4.2.tgz",
      "integrity": "sha1-LRd/ZS+jHpObRDjVNBSZ36OCXpk="
    },
    "lodash.merge": {
      "version": "4.6.1",
      "resolved": "https://registry.npmjs.org/lodash.merge/-/lodash.merge-4.6.1.tgz",
      "integrity": "sha512-AOYza4+Hf5z1/0Hztxpm2/xiPZgi/cjMqdnKTUWTBSKchJlxXXuUSxCCl8rJlf4g6yww/j6mA8nC8Hw/EZWxKQ=="
    },
    "lodash.omit": {
      "version": "4.5.0",
      "resolved": "https://registry.npmjs.org/lodash.omit/-/lodash.omit-4.5.0.tgz",
      "integrity": "sha1-brGa5aHuHdnfC5aeZs4Lf6MLXmA="
    },
    "lodash.pick": {
      "version": "4.4.0",
      "resolved": "https://registry.npmjs.org/lodash.pick/-/lodash.pick-4.4.0.tgz",
      "integrity": "sha1-UvBWEP/53tQiYRRB7R/BI6AwAbM="
    },
    "lodash.set": {
      "version": "4.3.2",
      "resolved": "https://registry.npmjs.org/lodash.set/-/lodash.set-4.3.2.tgz",
      "integrity": "sha1-2HV7HagH3eJIFrDWqEvqGnYjCyM="
    },
    "moment": {
      "version": "2.24.0",
      "resolved": "https://registry.npmjs.org/moment/-/moment-2.24.0.tgz",
      "integrity": "sha512-bV7f+6l2QigeBBZSM/6yTNq4P2fNpSWj/0e7jQcy87A8e7o2nAfP/34/2ky5Vw4B9S446EtIhodAzkFCcR4dQg=="
    },
    "moment-timezone": {
      "version": "0.5.25",
      "resolved": "https://registry.npmjs.org/moment-timezone/-/moment-timezone-0.5.25.tgz",
      "integrity": "sha512-DgEaTyN/z0HFaVcVbSyVCUU6HeFdnNC3vE4c9cgu2dgMTvjBUBdBzWfasTBmAW45u5OIMeCJtU8yNjM22DHucw==",
      "requires": {
        "moment": ">= 2.9.0"
      }
    },
    "prepin": {
      "version": "1.0.1",
      "resolved": "https://registry.npmjs.org/prepin/-/prepin-1.0.1.tgz",
      "integrity": "sha1-zUHgJ/1bTMKM5ZFjm7exTS9PBhg="
    },
    "sprintf-js": {
      "version": "1.0.3",
      "resolved": "https://registry.npmjs.org/sprintf-js/-/sprintf-js-1.0.3.tgz",
      "integrity": "sha1-BOaSb2YolTVPPdAVIDYzuFcpfiw="
    }
  }
}
